// !$*UTF8*$!
{
	archiveVersion = 1;
	classes = {
	};
	objectVersion = 46;
	objects = {

/* Begin PBXBuildFile section */
		22B960254757262CC620386A /* QJNetworkClient.m in Sources */ = {isa = PBXBuildFile; fileRef = 22B96B0673C11408F22F4108 /* QJNetworkClient.m */; };
		22B960A039C9F44ED8392ADE /* QJView.m in Sources */ = {isa = PBXBuildFile; fileRef = 22B96E6D81BB6F21CA7165BE /* QJView.m */; };
		22B960F8B66DB5EEA129B6B5 /* QJPost.m in Sources */ = {isa = PBXBuildFile; fileRef = 22B966000B5924E036B1D5FF /* QJPost.m */; };
		22B961DFEFA5D7935CFCA288 /* QJFeedUserView.m in Sources */ = {isa = PBXBuildFile; fileRef = 22B9645F3547A381DFAEF4C8 /* QJFeedUserView.m */; };
		22B96210AED323B6B904E0B0 /* QJLoginThirdPartyView.m in Sources */ = {isa = PBXBuildFile; fileRef = 22B961AC4E2EE47A61D8B092 /* QJLoginThirdPartyView.m */; };
		22B9626B379FB387EBD4475F /* QJKeyTableViewController.m in Sources */ = {isa = PBXBuildFile; fileRef = 22B9648A115557856F9EE909 /* QJKeyTableViewController.m */; };
		22B9637D78879AB410960C6F /* QJModel.m in Sources */ = {isa = PBXBuildFile; fileRef = 22B9632D717CFB055A4961AC /* QJModel.m */; };
		22B9643A39007C4CD0190D68 /* QJImage.m in Sources */ = {isa = PBXBuildFile; fileRef = 22B96E18030C098751CF2D32 /* QJImage.m */; };
		22B9645EA4437455C60858D6 /* QJFeedContentView.m in Sources */ = {isa = PBXBuildFile; fileRef = 22B964D3C6DDED8F3046FD84 /* QJFeedContentView.m */; };
		22B9647B6CEBA315DBDC22D6 /* QJFeedsViewController.m in Sources */ = {isa = PBXBuildFile; fileRef = 22B966840EF56366B2CF608D /* QJFeedsViewController.m */; };
		22B96595BBE0134EDA090C2A /* UIColor+QJ.m in Sources */ = {isa = PBXBuildFile; fileRef = 22B961DB64E5C58D1A5C9F79 /* UIColor+QJ.m */; };
		22B965DB481A13CA527A9996 /* QJFeedsTableViewCell.m in Sources */ = {isa = PBXBuildFile; fileRef = 22B9613DEB0F95F608F21912 /* QJFeedsTableViewCell.m */; };
		22B965E884EDF015D3F73E59 /* QJConstants.m in Sources */ = {isa = PBXBuildFile; fileRef = 22B96A151C43F92380A2B02B /* QJConstants.m */; };
		22B96668959D09AED7F76F1C /* QJConfig.m in Sources */ = {isa = PBXBuildFile; fileRef = 22B96B50D950404DB8F566E4 /* QJConfig.m */; };
		22B969048CE054890E58A2D2 /* NavUtils.m in Sources */ = {isa = PBXBuildFile; fileRef = 22B967A0A26720820CEF86FE /* NavUtils.m */; };
		22B9691AC1DB99C96CE36B16 /* QJLoginMobileView.m in Sources */ = {isa = PBXBuildFile; fileRef = 22B96423B14DB9F89B3D3CAF /* QJLoginMobileView.m */; };
		22B9698F11C55EB19A95462D /* QJComment.m in Sources */ = {isa = PBXBuildFile; fileRef = 22B96453C3C406BE416A3E86 /* QJComment.m */; };
		22B96BCA13D9DF3A60500880 /* QJUserInfo.m in Sources */ = {isa = PBXBuildFile; fileRef = 22B964FE799B32440CAAC452 /* QJUserInfo.m */; };
		22B96C39226C8365E2B5851A /* QJUserToken.m in Sources */ = {isa = PBXBuildFile; fileRef = 22B9678ABF168C4CC3A0E1C1 /* QJUserToken.m */; };
		22B96C473457854F76E73D48 /* QJCategory.m in Sources */ = {isa = PBXBuildFile; fileRef = 22B9673EAE97B5E2CDC9B28E /* QJCategory.m */; };
		22B96C76E5998FA1953A1581 /* QJPageTableViewController.m in Sources */ = {isa = PBXBuildFile; fileRef = 22B9665FB6FABD3940B11DAC /* QJPageTableViewController.m */; };
		22B96CE41322A487EB234716 /* QJUser.m in Sources */ = {isa = PBXBuildFile; fileRef = 22B9684A59BEAD15B6B32EF4 /* QJUser.m */; };
		22B96CEBB78B31B0367064A3 /* QJMobileTextField.m in Sources */ = {isa = PBXBuildFile; fileRef = 22B966E4576E1FC1A781E9CC /* QJMobileTextField.m */; };
		22B96D0E4D77FB49719E614E /* QJFeedBottomView.m in Sources */ = {isa = PBXBuildFile; fileRef = 22B962A387431B9296028323 /* QJFeedBottomView.m */; };
		22B96DF0EE8F165750CC73A6 /* QJLoginViewController.m in Sources */ = {isa = PBXBuildFile; fileRef = 22B96D0DDE79DA39180C2310 /* QJLoginViewController.m */; };
		22B96E32423A4C186FC0B2A3 /* QJFeedPhotoView.m in Sources */ = {isa = PBXBuildFile; fileRef = 22B96B66F20AB18BA01864D1 /* QJFeedPhotoView.m */; };
		22B96FFF53CDB4E1F6C99B8B /* QJHTTPSessionManager.m in Sources */ = {isa = PBXBuildFile; fileRef = 22B96FC47F10AEFDAFEAF393 /* QJHTTPSessionManager.m */; };
		51392E5F1DCE1227004E2E70 /* QJFeedsPageViewController.m in Sources */ = {isa = PBXBuildFile; fileRef = 51392E5E1DCE1227004E2E70 /* QJFeedsPageViewController.m */; };
		531838311C51FFD000A38298 /* StarterKit.podspec in Resources */ = {isa = PBXBuildFile; fileRef = 531838301C51FFD000A38298 /* StarterKit.podspec */; };
		531838371C5233E700A38298 /* LICENSE in Resources */ = {isa = PBXBuildFile; fileRef = 531838351C5233E700A38298 /* LICENSE */; };
		531838381C5233E700A38298 /* README.md in Sources */ = {isa = PBXBuildFile; fileRef = 531838361C5233E700A38298 /* README.md */; };
		5361ED221C4D38DB0048F4AC /* main.m in Sources */ = {isa = PBXBuildFile; fileRef = 5361ED211C4D38DB0048F4AC /* main.m */; };
		5361ED2D1C4D38DB0048F4AC /* Assets.xcassets in Resources */ = {isa = PBXBuildFile; fileRef = 5361ED2C1C4D38DB0048F4AC /* Assets.xcassets */; };
		53DC5E491C528D3E009A3CCD /* LaunchScreen.storyboard in Resources */ = {isa = PBXBuildFile; fileRef = 53DC5E471C528D3E009A3CCD /* LaunchScreen.storyboard */; };
		806701B66B5952E673C98EB2 /* AppDelegate.m in Sources */ = {isa = PBXBuildFile; fileRef = 80670EAC56A3AC0AC2618440 /* AppDelegate.m */; };
		A8CEBAFD1DF7ED1D00D6B709 /* QJPaginatorPost.m in Sources */ = {isa = PBXBuildFile; fileRef = A8CEBAFC1DF7ED1D00D6B709 /* QJPaginatorPost.m */; };
		E29066E7936A453BB96B67F5 /* Pods_Examples.framework in Frameworks */ = {isa = PBXBuildFile; fileRef = 99C4E5AEFC4EA7887301CA6E /* Pods_Examples.framework */; };
/* End PBXBuildFile section */

/* Begin PBXFileReference section */
		22B960192A8B7051E3A60BA7 /* QJFeedsViewController.h */ = {isa = PBXFileReference; fileEncoding = 4; lastKnownFileType = sourcecode.c.h; path = QJFeedsViewController.h; sourceTree = "<group>"; };
		22B9601FD60F69DFF33A8BC0 /* QJPost.h */ = {isa = PBXFileReference; fileEncoding = 4; lastKnownFileType = sourcecode.c.h; path = QJPost.h; sourceTree = "<group>"; };
		22B96046BD6E6BB5DC0AFF24 /* QJMobileTextField.h */ = {isa = PBXFileReference; fileEncoding = 4; lastKnownFileType = sourcecode.c.h; path = QJMobileTextField.h; sourceTree = "<group>"; };
		22B9609686CDCADB3D97CED4 /* QJConfig.h */ = {isa = PBXFileReference; fileEncoding = 4; lastKnownFileType = sourcecode.c.h; path = QJConfig.h; sourceTree = "<group>"; };
		22B960F4C32E465C1A7A2858 /* QJComment.h */ = {isa = PBXFileReference; fileEncoding = 4; lastKnownFileType = sourcecode.c.h; path = QJComment.h; sourceTree = "<group>"; };
		22B961107B77CE982200883D /* QJLoginViewController.h */ = {isa = PBXFileReference; fileEncoding = 4; lastKnownFileType = sourcecode.c.h; path = QJLoginViewController.h; sourceTree = "<group>"; };
		22B9613DEB0F95F608F21912 /* QJFeedsTableViewCell.m */ = {isa = PBXFileReference; fileEncoding = 4; lastKnownFileType = sourcecode.c.objc; path = QJFeedsTableViewCell.m; sourceTree = "<group>"; };
		22B961AC4E2EE47A61D8B092 /* QJLoginThirdPartyView.m */ = {isa = PBXFileReference; fileEncoding = 4; lastKnownFileType = sourcecode.c.objc; path = QJLoginThirdPartyView.m; sourceTree = "<group>"; };
		22B961DB64E5C58D1A5C9F79 /* UIColor+QJ.m */ = {isa = PBXFileReference; fileEncoding = 4; lastKnownFileType = sourcecode.c.objc; path = "UIColor+QJ.m"; sourceTree = "<group>"; };
		22B961F48F26ECD0B91EF3A6 /* QJLoginThirdPartyView.h */ = {isa = PBXFileReference; fileEncoding = 4; lastKnownFileType = sourcecode.c.h; path = QJLoginThirdPartyView.h; sourceTree = "<group>"; };
		22B962295CB8722A3ADBD563 /* QJUserToken.h */ = {isa = PBXFileReference; fileEncoding = 4; lastKnownFileType = sourcecode.c.h; path = QJUserToken.h; sourceTree = "<group>"; };
		22B962A387431B9296028323 /* QJFeedBottomView.m */ = {isa = PBXFileReference; fileEncoding = 4; lastKnownFileType = sourcecode.c.objc; path = QJFeedBottomView.m; sourceTree = "<group>"; };
		22B9632D717CFB055A4961AC /* QJModel.m */ = {isa = PBXFileReference; fileEncoding = 4; lastKnownFileType = sourcecode.c.objc; path = QJModel.m; sourceTree = "<group>"; };
		22B9634D6CB5952E1ADB14D1 /* QJFeedContentView.h */ = {isa = PBXFileReference; fileEncoding = 4; lastKnownFileType = sourcecode.c.h; path = QJFeedContentView.h; sourceTree = "<group>"; };
		22B96423B14DB9F89B3D3CAF /* QJLoginMobileView.m */ = {isa = PBXFileReference; fileEncoding = 4; lastKnownFileType = sourcecode.c.objc; path = QJLoginMobileView.m; sourceTree = "<group>"; };
		22B96453C3C406BE416A3E86 /* QJComment.m */ = {isa = PBXFileReference; fileEncoding = 4; lastKnownFileType = sourcecode.c.objc; path = QJComment.m; sourceTree = "<group>"; };
		22B9645F3547A381DFAEF4C8 /* QJFeedUserView.m */ = {isa = PBXFileReference; fileEncoding = 4; lastKnownFileType = sourcecode.c.objc; path = QJFeedUserView.m; sourceTree = "<group>"; };
		22B9648A115557856F9EE909 /* QJKeyTableViewController.m */ = {isa = PBXFileReference; fileEncoding = 4; lastKnownFileType = sourcecode.c.objc; path = QJKeyTableViewController.m; sourceTree = "<group>"; };
		22B964D311D9523F2A0D088E /* QJFeedBottomView.h */ = {isa = PBXFileReference; fileEncoding = 4; lastKnownFileType = sourcecode.c.h; path = QJFeedBottomView.h; sourceTree = "<group>"; };
		22B964D3C6DDED8F3046FD84 /* QJFeedContentView.m */ = {isa = PBXFileReference; fileEncoding = 4; lastKnownFileType = sourcecode.c.objc; path = QJFeedContentView.m; sourceTree = "<group>"; };
		22B964DBC16C6469315115B0 /* NavUtils.h */ = {isa = PBXFileReference; fileEncoding = 4; lastKnownFileType = sourcecode.c.h; path = NavUtils.h; sourceTree = "<group>"; };
		22B964FE799B32440CAAC452 /* QJUserInfo.m */ = {isa = PBXFileReference; fileEncoding = 4; lastKnownFileType = sourcecode.c.objc; path = QJUserInfo.m; sourceTree = "<group>"; };
		22B9654BE625BAB17277821A /* QJKeyTableViewController.h */ = {isa = PBXFileReference; fileEncoding = 4; lastKnownFileType = sourcecode.c.h; path = QJKeyTableViewController.h; sourceTree = "<group>"; };
		22B966000B5924E036B1D5FF /* QJPost.m */ = {isa = PBXFileReference; fileEncoding = 4; lastKnownFileType = sourcecode.c.objc; path = QJPost.m; sourceTree = "<group>"; };
		22B9665FB6FABD3940B11DAC /* QJPageTableViewController.m */ = {isa = PBXFileReference; fileEncoding = 4; lastKnownFileType = sourcecode.c.objc; path = QJPageTableViewController.m; sourceTree = "<group>"; };
		22B966840EF56366B2CF608D /* QJFeedsViewController.m */ = {isa = PBXFileReference; fileEncoding = 4; lastKnownFileType = sourcecode.c.objc; path = QJFeedsViewController.m; sourceTree = "<group>"; };
		22B966E4576E1FC1A781E9CC /* QJMobileTextField.m */ = {isa = PBXFileReference; fileEncoding = 4; lastKnownFileType = sourcecode.c.objc; path = QJMobileTextField.m; sourceTree = "<group>"; };
		22B9670927DD1AE2FD085EA9 /* QJFeedsTableViewCell.h */ = {isa = PBXFileReference; fileEncoding = 4; lastKnownFileType = sourcecode.c.h; path = QJFeedsTableViewCell.h; sourceTree = "<group>"; };
		22B9673EAE97B5E2CDC9B28E /* QJCategory.m */ = {isa = PBXFileReference; fileEncoding = 4; lastKnownFileType = sourcecode.c.objc; path = QJCategory.m; sourceTree = "<group>"; };
		22B9678ABF168C4CC3A0E1C1 /* QJUserToken.m */ = {isa = PBXFileReference; fileEncoding = 4; lastKnownFileType = sourcecode.c.objc; path = QJUserToken.m; sourceTree = "<group>"; };
		22B967A0A26720820CEF86FE /* NavUtils.m */ = {isa = PBXFileReference; fileEncoding = 4; lastKnownFileType = sourcecode.c.objc; path = NavUtils.m; sourceTree = "<group>"; };
		22B967C6385DA872C5714CF6 /* QJLoginMobileView.h */ = {isa = PBXFileReference; fileEncoding = 4; lastKnownFileType = sourcecode.c.h; path = QJLoginMobileView.h; sourceTree = "<group>"; };
		22B9684A59BEAD15B6B32EF4 /* QJUser.m */ = {isa = PBXFileReference; fileEncoding = 4; lastKnownFileType = sourcecode.c.objc; path = QJUser.m; sourceTree = "<group>"; };
		22B96882D79510A6A182B65B /* QJView.h */ = {isa = PBXFileReference; fileEncoding = 4; lastKnownFileType = sourcecode.c.h; path = QJView.h; sourceTree = "<group>"; };
		22B969DC56F3134E0157236E /* UIColor+QJ.h */ = {isa = PBXFileReference; fileEncoding = 4; lastKnownFileType = sourcecode.c.h; path = "UIColor+QJ.h"; sourceTree = "<group>"; };
		22B96A151C43F92380A2B02B /* QJConstants.m */ = {isa = PBXFileReference; fileEncoding = 4; lastKnownFileType = sourcecode.c.objc; path = QJConstants.m; sourceTree = "<group>"; };
		22B96B0673C11408F22F4108 /* QJNetworkClient.m */ = {isa = PBXFileReference; fileEncoding = 4; lastKnownFileType = sourcecode.c.objc; path = QJNetworkClient.m; sourceTree = "<group>"; };
		22B96B50D950404DB8F566E4 /* QJConfig.m */ = {isa = PBXFileReference; fileEncoding = 4; lastKnownFileType = sourcecode.c.objc; path = QJConfig.m; sourceTree = "<group>"; };
		22B96B66F20AB18BA01864D1 /* QJFeedPhotoView.m */ = {isa = PBXFileReference; fileEncoding = 4; lastKnownFileType = sourcecode.c.objc; path = QJFeedPhotoView.m; sourceTree = "<group>"; };
		22B96B7413EBAD5F3C0720FC /* QJUser.h */ = {isa = PBXFileReference; fileEncoding = 4; lastKnownFileType = sourcecode.c.h; path = QJUser.h; sourceTree = "<group>"; };
		22B96B959D5582048D7DC3D0 /* QJHTTPSessionManager.h */ = {isa = PBXFileReference; fileEncoding = 4; lastKnownFileType = sourcecode.c.h; path = QJHTTPSessionManager.h; sourceTree = "<group>"; };
		22B96BA2F5DA0F1741088AC1 /* QJNetworkClient.h */ = {isa = PBXFileReference; fileEncoding = 4; lastKnownFileType = sourcecode.c.h; path = QJNetworkClient.h; sourceTree = "<group>"; };
		22B96C3A27A5C642ECAABA6A /* QJConstants.h */ = {isa = PBXFileReference; fileEncoding = 4; lastKnownFileType = sourcecode.c.h; path = QJConstants.h; sourceTree = "<group>"; };
		22B96C434A1C5ECDD7A0B8E1 /* QJCategory.h */ = {isa = PBXFileReference; fileEncoding = 4; lastKnownFileType = sourcecode.c.h; path = QJCategory.h; sourceTree = "<group>"; };
		22B96CB28B6B9D7A7C7C8F27 /* QJModel.h */ = {isa = PBXFileReference; fileEncoding = 4; lastKnownFileType = sourcecode.c.h; path = QJModel.h; sourceTree = "<group>"; };
		22B96CEFA42ED5589972E692 /* QJFeedPhotoView.h */ = {isa = PBXFileReference; fileEncoding = 4; lastKnownFileType = sourcecode.c.h; path = QJFeedPhotoView.h; sourceTree = "<group>"; };
		22B96D0DDE79DA39180C2310 /* QJLoginViewController.m */ = {isa = PBXFileReference; fileEncoding = 4; lastKnownFileType = sourcecode.c.objc; path = QJLoginViewController.m; sourceTree = "<group>"; };
		22B96D0DF31BDFA226A2C62D /* QJPageTableViewController.h */ = {isa = PBXFileReference; fileEncoding = 4; lastKnownFileType = sourcecode.c.h; path = QJPageTableViewController.h; sourceTree = "<group>"; };
		22B96E18030C098751CF2D32 /* QJImage.m */ = {isa = PBXFileReference; fileEncoding = 4; lastKnownFileType = sourcecode.c.objc; path = QJImage.m; sourceTree = "<group>"; };
		22B96E6D81BB6F21CA7165BE /* QJView.m */ = {isa = PBXFileReference; fileEncoding = 4; lastKnownFileType = sourcecode.c.objc; path = QJView.m; sourceTree = "<group>"; };
		22B96EED06B63DB76A5AC16C /* QJImage.h */ = {isa = PBXFileReference; fileEncoding = 4; lastKnownFileType = sourcecode.c.h; path = QJImage.h; sourceTree = "<group>"; };
		22B96F3A28F79FF73D081CE0 /* QJUserInfo.h */ = {isa = PBXFileReference; fileEncoding = 4; lastKnownFileType = sourcecode.c.h; path = QJUserInfo.h; sourceTree = "<group>"; };
		22B96FC47F10AEFDAFEAF393 /* QJHTTPSessionManager.m */ = {isa = PBXFileReference; fileEncoding = 4; lastKnownFileType = sourcecode.c.objc; path = QJHTTPSessionManager.m; sourceTree = "<group>"; };
		22B96FF225FD9B946E8D725B /* QJFeedUserView.h */ = {isa = PBXFileReference; fileEncoding = 4; lastKnownFileType = sourcecode.c.h; path = QJFeedUserView.h; sourceTree = "<group>"; };
		51392E5D1DCE1227004E2E70 /* QJFeedsPageViewController.h */ = {isa = PBXFileReference; fileEncoding = 4; lastKnownFileType = sourcecode.c.h; path = QJFeedsPageViewController.h; sourceTree = "<group>"; };
		51392E5E1DCE1227004E2E70 /* QJFeedsPageViewController.m */ = {isa = PBXFileReference; fileEncoding = 4; lastKnownFileType = sourcecode.c.objc; path = QJFeedsPageViewController.m; sourceTree = "<group>"; };
		531838301C51FFD000A38298 /* StarterKit.podspec */ = {isa = PBXFileReference; fileEncoding = 4; lastKnownFileType = text; name = StarterKit.podspec; path = ../StarterKit.podspec; sourceTree = "<group>"; };
		531838351C5233E700A38298 /* LICENSE */ = {isa = PBXFileReference; fileEncoding = 4; lastKnownFileType = text; name = LICENSE; path = ../LICENSE; sourceTree = "<group>"; };
		531838361C5233E700A38298 /* README.md */ = {isa = PBXFileReference; fileEncoding = 4; lastKnownFileType = net.daringfireball.markdown; name = README.md; path = ../README.md; sourceTree = "<group>"; };
		5361ED1D1C4D38DB0048F4AC /* Examples.app */ = {isa = PBXFileReference; explicitFileType = wrapper.application; includeInIndex = 0; path = Examples.app; sourceTree = BUILT_PRODUCTS_DIR; };
		5361ED211C4D38DB0048F4AC /* main.m */ = {isa = PBXFileReference; lastKnownFileType = sourcecode.c.objc; path = main.m; sourceTree = "<group>"; };
		5361ED2C1C4D38DB0048F4AC /* Assets.xcassets */ = {isa = PBXFileReference; lastKnownFileType = folder.assetcatalog; path = Assets.xcassets; sourceTree = "<group>"; };
		5361ED311C4D38DB0048F4AC /* Info.plist */ = {isa = PBXFileReference; lastKnownFileType = text.plist.xml; path = Info.plist; sourceTree = "<group>"; };
		53DC5E481C528D3E009A3CCD /* Base */ = {isa = PBXFileReference; lastKnownFileType = file.storyboard; name = Base; path = Base.lproj/LaunchScreen.storyboard; sourceTree = "<group>"; };
		80670C252006DCC5078C5C8D /* AppDelegate.h */ = {isa = PBXFileReference; fileEncoding = 4; lastKnownFileType = sourcecode.c.h; path = AppDelegate.h; sourceTree = "<group>"; };
		80670EAC56A3AC0AC2618440 /* AppDelegate.m */ = {isa = PBXFileReference; fileEncoding = 4; lastKnownFileType = sourcecode.c.objc; path = AppDelegate.m; sourceTree = "<group>"; };
		8A3429AD3E96A3B3E69FEEFD /* Pods-Examples.release.xcconfig */ = {isa = PBXFileReference; includeInIndex = 1; lastKnownFileType = text.xcconfig; name = "Pods-Examples.release.xcconfig"; path = "../Pods/Target Support Files/Pods-Examples/Pods-Examples.release.xcconfig"; sourceTree = "<group>"; };
		99C4E5AEFC4EA7887301CA6E /* Pods_Examples.framework */ = {isa = PBXFileReference; explicitFileType = wrapper.framework; includeInIndex = 0; path = Pods_Examples.framework; sourceTree = BUILT_PRODUCTS_DIR; };
		A8CEBAFB1DF7ED1D00D6B709 /* QJPaginatorPost.h */ = {isa = PBXFileReference; fileEncoding = 4; lastKnownFileType = sourcecode.c.h; path = QJPaginatorPost.h; sourceTree = "<group>"; };
		A8CEBAFC1DF7ED1D00D6B709 /* QJPaginatorPost.m */ = {isa = PBXFileReference; fileEncoding = 4; lastKnownFileType = sourcecode.c.objc; path = QJPaginatorPost.m; sourceTree = "<group>"; };
		CBDD71DBC0C423DCD9396244 /* Pods-Examples.debug.xcconfig */ = {isa = PBXFileReference; includeInIndex = 1; lastKnownFileType = text.xcconfig; name = "Pods-Examples.debug.xcconfig"; path = "../Pods/Target Support Files/Pods-Examples/Pods-Examples.debug.xcconfig"; sourceTree = "<group>"; };
/* End PBXFileReference section */

/* Begin PBXFrameworksBuildPhase section */
		5361ED1A1C4D38DB0048F4AC /* Frameworks */ = {
			isa = PBXFrameworksBuildPhase;
			buildActionMask = 2147483647;
			files = (
				E29066E7936A453BB96B67F5 /* Pods_Examples.framework in Frameworks */,
			);
			runOnlyForDeploymentPostprocessing = 0;
		};
/* End PBXFrameworksBuildPhase section */

/* Begin PBXGroup section */
		22B9650ED90CDE78D5E0524E /* Auth */ = {
			isa = PBXGroup;
			children = (
				22B96423B14DB9F89B3D3CAF /* QJLoginMobileView.m */,
				22B967C6385DA872C5714CF6 /* QJLoginMobileView.h */,
				22B966E4576E1FC1A781E9CC /* QJMobileTextField.m */,
				22B96046BD6E6BB5DC0AFF24 /* QJMobileTextField.h */,
				22B961AC4E2EE47A61D8B092 /* QJLoginThirdPartyView.m */,
				22B961F48F26ECD0B91EF3A6 /* QJLoginThirdPartyView.h */,
				22B96D0DDE79DA39180C2310 /* QJLoginViewController.m */,
				22B961107B77CE982200883D /* QJLoginViewController.h */,
			);
			path = Auth;
			sourceTree = "<group>";
		};
		22B9684E15B5BE4E247F016A /* Common View */ = {
			isa = PBXGroup;
			children = (
				22B962A387431B9296028323 /* QJFeedBottomView.m */,
				22B964D311D9523F2A0D088E /* QJFeedBottomView.h */,
				22B964D3C6DDED8F3046FD84 /* QJFeedContentView.m */,
				22B9634D6CB5952E1ADB14D1 /* QJFeedContentView.h */,
				22B96B66F20AB18BA01864D1 /* QJFeedPhotoView.m */,
				22B96CEFA42ED5589972E692 /* QJFeedPhotoView.h */,
				22B9645F3547A381DFAEF4C8 /* QJFeedUserView.m */,
				22B96FF225FD9B946E8D725B /* QJFeedUserView.h */,
			);
			path = "Common View";
			sourceTree = "<group>";
		};
		22B968A3151DD5039E3F3688 /* Network */ = {
			isa = PBXGroup;
			children = (
				22B96FC47F10AEFDAFEAF393 /* QJHTTPSessionManager.m */,
				22B96B959D5582048D7DC3D0 /* QJHTTPSessionManager.h */,
				22B96B0673C11408F22F4108 /* QJNetworkClient.m */,
				22B96BA2F5DA0F1741088AC1 /* QJNetworkClient.h */,
			);
			path = Network;
			sourceTree = "<group>";
		};
		22B96ACC70F2A411B6241116 /* Main */ = {
			isa = PBXGroup;
			children = (
				51392E5D1DCE1227004E2E70 /* QJFeedsPageViewController.h */,
				51392E5E1DCE1227004E2E70 /* QJFeedsPageViewController.m */,
				22B9613DEB0F95F608F21912 /* QJFeedsTableViewCell.m */,
				22B9670927DD1AE2FD085EA9 /* QJFeedsTableViewCell.h */,
				22B966840EF56366B2CF608D /* QJFeedsViewController.m */,
				22B960192A8B7051E3A60BA7 /* QJFeedsViewController.h */,
			);
			path = Main;
			sourceTree = "<group>";
		};
		22B96B99C2545B0EBCD41A2E /* Constant */ = {
			isa = PBXGroup;
			children = (
				22B96B50D950404DB8F566E4 /* QJConfig.m */,
				22B9609686CDCADB3D97CED4 /* QJConfig.h */,
				22B96A151C43F92380A2B02B /* QJConstants.m */,
				22B96C3A27A5C642ECAABA6A /* QJConstants.h */,
			);
			path = Constant;
			sourceTree = "<group>";
		};
		22B96CEF10409C84E99D8CDE /* Feed */ = {
			isa = PBXGroup;
			children = (
				22B96ACC70F2A411B6241116 /* Main */,
				22B9684E15B5BE4E247F016A /* Common View */,
			);
			path = Feed;
			sourceTree = "<group>";
		};
		22B96D8D244E87B0304C4111 /* Base */ = {
			isa = PBXGroup;
			children = (
				22B96E6D81BB6F21CA7165BE /* QJView.m */,
				22B96882D79510A6A182B65B /* QJView.h */,
				22B9648A115557856F9EE909 /* QJKeyTableViewController.m */,
				22B9654BE625BAB17277821A /* QJKeyTableViewController.h */,
				22B9665FB6FABD3940B11DAC /* QJPageTableViewController.m */,
				22B96D0DF31BDFA226A2C62D /* QJPageTableViewController.h */,
			);
			path = Base;
			sourceTree = "<group>";
		};
		22B96E4D8E4689883345B62F /* Utils */ = {
			isa = PBXGroup;
			children = (
				22B961DB64E5C58D1A5C9F79 /* UIColor+QJ.m */,
				22B969DC56F3134E0157236E /* UIColor+QJ.h */,
				22B967A0A26720820CEF86FE /* NavUtils.m */,
				22B964DBC16C6469315115B0 /* NavUtils.h */,
			);
			path = Utils;
			sourceTree = "<group>";
		};
		22B96E6A02C5AA7B99BEF3DC /* Features */ = {
			isa = PBXGroup;
			children = (
				22B96CEF10409C84E99D8CDE /* Feed */,
				22B96D8D244E87B0304C4111 /* Base */,
				22B9650ED90CDE78D5E0524E /* Auth */,
			);
			path = Features;
			sourceTree = "<group>";
		};
		5318382F1C51FFC500A38298 /* Podspec Metadata */ = {
			isa = PBXGroup;
			children = (
				531838351C5233E700A38298 /* LICENSE */,
				531838361C5233E700A38298 /* README.md */,
				531838301C51FFD000A38298 /* StarterKit.podspec */,
			);
			name = "Podspec Metadata";
			sourceTree = "<group>";
		};
		5361ED141C4D38DB0048F4AC = {
			isa = PBXGroup;
			children = (
				5318382F1C51FFC500A38298 /* Podspec Metadata */,
				5361ED1F1C4D38DB0048F4AC /* Example for StarterKit */,
				5361ED1E1C4D38DB0048F4AC /* Products */,
				A40650ED53AE74E2AF817093 /* Pods */,
				F3C6F341A32E0A841A2F63ED /* Frameworks */,
			);
			indentWidth = 2;
			sourceTree = "<group>";
			tabWidth = 2;
		};
		5361ED1E1C4D38DB0048F4AC /* Products */ = {
			isa = PBXGroup;
			children = (
				5361ED1D1C4D38DB0048F4AC /* Examples.app */,
			);
			name = Products;
			sourceTree = "<group>";
		};
		5361ED1F1C4D38DB0048F4AC /* Example for StarterKit */ = {
			isa = PBXGroup;
			children = (
				5361ED2C1C4D38DB0048F4AC /* Assets.xcassets */,
				5361ED311C4D38DB0048F4AC /* Info.plist */,
				5361ED201C4D38DB0048F4AC /* Supporting Files */,
				80670A59626EBDE4D7DC7014 /* Classes */,
			);
			name = "Example for StarterKit";
			path = Examples;
			sourceTree = "<group>";
		};
		5361ED201C4D38DB0048F4AC /* Supporting Files */ = {
			isa = PBXGroup;
			children = (
				53DC5E471C528D3E009A3CCD /* LaunchScreen.storyboard */,
				5361ED211C4D38DB0048F4AC /* main.m */,
			);
			name = "Supporting Files";
			sourceTree = "<group>";
		};
		806705CBC3DFE2116228881C /* AppDelegate */ = {
			isa = PBXGroup;
			children = (
				80670EAC56A3AC0AC2618440 /* AppDelegate.m */,
				80670C252006DCC5078C5C8D /* AppDelegate.h */,
			);
			path = AppDelegate;
			sourceTree = "<group>";
		};
		80670A59626EBDE4D7DC7014 /* Classes */ = {
			isa = PBXGroup;
			children = (
				80670EDD8717CF8305AADDFE /* Model */,
				806705CBC3DFE2116228881C /* AppDelegate */,
				22B96B99C2545B0EBCD41A2E /* Constant */,
				22B96E6A02C5AA7B99BEF3DC /* Features */,
				22B96E4D8E4689883345B62F /* Utils */,
				22B968A3151DD5039E3F3688 /* Network */,
			);
			path = Classes;
			sourceTree = "<group>";
		};
		80670EDD8717CF8305AADDFE /* Model */ = {
			isa = PBXGroup;
			children = (
				22B9684A59BEAD15B6B32EF4 /* QJUser.m */,
				22B96B7413EBAD5F3C0720FC /* QJUser.h */,
				22B9673EAE97B5E2CDC9B28E /* QJCategory.m */,
				22B96C434A1C5ECDD7A0B8E1 /* QJCategory.h */,
				22B9632D717CFB055A4961AC /* QJModel.m */,
				22B96CB28B6B9D7A7C7C8F27 /* QJModel.h */,
				22B96E18030C098751CF2D32 /* QJImage.m */,
				22B96EED06B63DB76A5AC16C /* QJImage.h */,
				22B9678ABF168C4CC3A0E1C1 /* QJUserToken.m */,
				22B962295CB8722A3ADBD563 /* QJUserToken.h */,
				22B964FE799B32440CAAC452 /* QJUserInfo.m */,
				22B96F3A28F79FF73D081CE0 /* QJUserInfo.h */,
				22B96453C3C406BE416A3E86 /* QJComment.m */,
				22B960F4C32E465C1A7A2858 /* QJComment.h */,
				22B966000B5924E036B1D5FF /* QJPost.m */,
				22B9601FD60F69DFF33A8BC0 /* QJPost.h */,
				A8CEBAFB1DF7ED1D00D6B709 /* QJPaginatorPost.h */,
				A8CEBAFC1DF7ED1D00D6B709 /* QJPaginatorPost.m */,
			);
			path = Model;
			sourceTree = "<group>";
		};
		A40650ED53AE74E2AF817093 /* Pods */ = {
			isa = PBXGroup;
			children = (
				CBDD71DBC0C423DCD9396244 /* Pods-Examples.debug.xcconfig */,
				8A3429AD3E96A3B3E69FEEFD /* Pods-Examples.release.xcconfig */,
			);
			name = Pods;
			sourceTree = "<group>";
		};
		F3C6F341A32E0A841A2F63ED /* Frameworks */ = {
			isa = PBXGroup;
			children = (
				99C4E5AEFC4EA7887301CA6E /* Pods_Examples.framework */,
			);
			name = Frameworks;
			sourceTree = "<group>";
		};
/* End PBXGroup section */

/* Begin PBXNativeTarget section */
		5361ED1C1C4D38DB0048F4AC /* Examples */ = {
			isa = PBXNativeTarget;
			buildConfigurationList = 5361ED341C4D38DB0048F4AC /* Build configuration list for PBXNativeTarget "Examples" */;
			buildPhases = (
				16EFA6D1EEE7BD18F5D5D9B7 /* [CP] Check Pods Manifest.lock */,
				5361ED191C4D38DB0048F4AC /* Sources */,
				5361ED1A1C4D38DB0048F4AC /* Frameworks */,
				5361ED1B1C4D38DB0048F4AC /* Resources */,
				05B724206765E31D6EC3E0F4 /* [CP] Embed Pods Frameworks */,
				09FD85A2CA91806C64EFE8CA /* [CP] Copy Pods Resources */,
			);
			buildRules = (
			);
			dependencies = (
			);
			name = Examples;
			productName = Examples;
			productReference = 5361ED1D1C4D38DB0048F4AC /* Examples.app */;
			productType = "com.apple.product-type.application";
		};
/* End PBXNativeTarget section */

/* Begin PBXProject section */
		5361ED151C4D38DB0048F4AC /* Project object */ = {
			isa = PBXProject;
			attributes = {
				LastUpgradeCheck = 0720;
				ORGANIZATIONNAME = "奇迹空间";
				TargetAttributes = {
					5361ED1C1C4D38DB0048F4AC = {
						CreatedOnToolsVersion = 7.2;
						ProvisioningStyle = Manual;
					};
				};
			};
			buildConfigurationList = 5361ED181C4D38DB0048F4AC /* Build configuration list for PBXProject "Examples" */;
			compatibilityVersion = "Xcode 3.2";
			developmentRegion = English;
			hasScannedForEncodings = 0;
			knownRegions = (
				en,
				Base,
			);
			mainGroup = 5361ED141C4D38DB0048F4AC;
			productRefGroup = 5361ED1E1C4D38DB0048F4AC /* Products */;
			projectDirPath = "";
			projectRoot = "";
			targets = (
				5361ED1C1C4D38DB0048F4AC /* Examples */,
			);
		};
/* End PBXProject section */

/* Begin PBXResourcesBuildPhase section */
		5361ED1B1C4D38DB0048F4AC /* Resources */ = {
			isa = PBXResourcesBuildPhase;
			buildActionMask = 2147483647;
			files = (
				531838371C5233E700A38298 /* LICENSE in Resources */,
				5361ED2D1C4D38DB0048F4AC /* Assets.xcassets in Resources */,
				53DC5E491C528D3E009A3CCD /* LaunchScreen.storyboard in Resources */,
				531838311C51FFD000A38298 /* StarterKit.podspec in Resources */,
			);
			runOnlyForDeploymentPostprocessing = 0;
		};
/* End PBXResourcesBuildPhase section */

/* Begin PBXShellScriptBuildPhase section */
		05B724206765E31D6EC3E0F4 /* [CP] Embed Pods Frameworks */ = {
			isa = PBXShellScriptBuildPhase;
			buildActionMask = 2147483647;
			files = (
			);
			inputPaths = (
			);
			name = "[CP] Embed Pods Frameworks";
			outputPaths = (
			);
			runOnlyForDeploymentPostprocessing = 0;
			shellPath = /bin/sh;
			shellScript = "\"${SRCROOT}/../Pods/Target Support Files/Pods-Examples/Pods-Examples-frameworks.sh\"\n";
			showEnvVarsInLog = 0;
		};
		09FD85A2CA91806C64EFE8CA /* [CP] Copy Pods Resources */ = {
			isa = PBXShellScriptBuildPhase;
			buildActionMask = 2147483647;
			files = (
			);
			inputPaths = (
			);
			name = "[CP] Copy Pods Resources";
			outputPaths = (
			);
			runOnlyForDeploymentPostprocessing = 0;
			shellPath = /bin/sh;
			shellScript = "\"${SRCROOT}/../Pods/Target Support Files/Pods-Examples/Pods-Examples-resources.sh\"\n";
			showEnvVarsInLog = 0;
		};
		16EFA6D1EEE7BD18F5D5D9B7 /* [CP] Check Pods Manifest.lock */ = {
			isa = PBXShellScriptBuildPhase;
			buildActionMask = 2147483647;
			files = (
			);
			inputPaths = (
			);
			name = "[CP] Check Pods Manifest.lock";
			outputPaths = (
			);
			runOnlyForDeploymentPostprocessing = 0;
			shellPath = /bin/sh;
			shellScript = "diff \"${PODS_ROOT}/../Podfile.lock\" \"${PODS_ROOT}/Manifest.lock\" > /dev/null\nif [ $? != 0 ] ; then\n    # print error to STDERR\n    echo \"error: The sandbox is not in sync with the Podfile.lock. Run 'pod install' or update your CocoaPods installation.\" >&2\n    exit 1\nfi\n";
			showEnvVarsInLog = 0;
		};
/* End PBXShellScriptBuildPhase section */

/* Begin PBXSourcesBuildPhase section */
		5361ED191C4D38DB0048F4AC /* Sources */ = {
			isa = PBXSourcesBuildPhase;
			buildActionMask = 2147483647;
			files = (
				5361ED221C4D38DB0048F4AC /* main.m in Sources */,
				531838381C5233E700A38298 /* README.md in Sources */,
				806701B66B5952E673C98EB2 /* AppDelegate.m in Sources */,
				22B96668959D09AED7F76F1C /* QJConfig.m in Sources */,
				22B965E884EDF015D3F73E59 /* QJConstants.m in Sources */,
				22B965DB481A13CA527A9996 /* QJFeedsTableViewCell.m in Sources */,
				22B96D0E4D77FB49719E614E /* QJFeedBottomView.m in Sources */,
				22B960A039C9F44ED8392ADE /* QJView.m in Sources */,
				22B96595BBE0134EDA090C2A /* UIColor+QJ.m in Sources */,
				22B96CE41322A487EB234716 /* QJUser.m in Sources */,
				22B9647B6CEBA315DBDC22D6 /* QJFeedsViewController.m in Sources */,
				22B9626B379FB387EBD4475F /* QJKeyTableViewController.m in Sources */,
				22B96C473457854F76E73D48 /* QJCategory.m in Sources */,
				22B9637D78879AB410960C6F /* QJModel.m in Sources */,
				22B9643A39007C4CD0190D68 /* QJImage.m in Sources */,
				22B96C39226C8365E2B5851A /* QJUserToken.m in Sources */,
				22B96BCA13D9DF3A60500880 /* QJUserInfo.m in Sources */,
				22B9698F11C55EB19A95462D /* QJComment.m in Sources */,
				A8CEBAFD1DF7ED1D00D6B709 /* QJPaginatorPost.m in Sources */,
				22B960F8B66DB5EEA129B6B5 /* QJPost.m in Sources */,
				22B9645EA4437455C60858D6 /* QJFeedContentView.m in Sources */,
				22B96E32423A4C186FC0B2A3 /* QJFeedPhotoView.m in Sources */,
				22B961DFEFA5D7935CFCA288 /* QJFeedUserView.m in Sources */,
				22B96FFF53CDB4E1F6C99B8B /* QJHTTPSessionManager.m in Sources */,
				22B960254757262CC620386A /* QJNetworkClient.m in Sources */,
				51392E5F1DCE1227004E2E70 /* QJFeedsPageViewController.m in Sources */,
				22B9691AC1DB99C96CE36B16 /* QJLoginMobileView.m in Sources */,
				22B96CEBB78B31B0367064A3 /* QJMobileTextField.m in Sources */,
				22B96210AED323B6B904E0B0 /* QJLoginThirdPartyView.m in Sources */,
				22B96DF0EE8F165750CC73A6 /* QJLoginViewController.m in Sources */,
				22B969048CE054890E58A2D2 /* NavUtils.m in Sources */,
				22B96C76E5998FA1953A1581 /* QJPageTableViewController.m in Sources */,
			);
			runOnlyForDeploymentPostprocessing = 0;
		};
/* End PBXSourcesBuildPhase section */

/* Begin PBXVariantGroup section */
		53DC5E471C528D3E009A3CCD /* LaunchScreen.storyboard */ = {
			isa = PBXVariantGroup;
			children = (
				53DC5E481C528D3E009A3CCD /* Base */,
			);
			name = LaunchScreen.storyboard;
			sourceTree = "<group>";
		};
/* End PBXVariantGroup section */

/* Begin XCBuildConfiguration section */
		5361ED321C4D38DB0048F4AC /* Debug */ = {
			isa = XCBuildConfiguration;
			buildSettings = {
				ALWAYS_SEARCH_USER_PATHS = NO;
				CLANG_CXX_LANGUAGE_STANDARD = "gnu++0x";
				CLANG_CXX_LIBRARY = "libc++";
				CLANG_ENABLE_MODULES = YES;
				CLANG_ENABLE_OBJC_ARC = YES;
				CLANG_WARN_BOOL_CONVERSION = YES;
				CLANG_WARN_CONSTANT_CONVERSION = YES;
				CLANG_WARN_DIRECT_OBJC_ISA_USAGE = YES_ERROR;
				CLANG_WARN_EMPTY_BODY = YES;
				CLANG_WARN_ENUM_CONVERSION = YES;
				CLANG_WARN_INT_CONVERSION = YES;
				CLANG_WARN_OBJC_ROOT_CLASS = YES_ERROR;
				CLANG_WARN_UNREACHABLE_CODE = YES;
				CLANG_WARN__DUPLICATE_METHOD_MATCH = YES;
				"CODE_SIGN_IDENTITY[sdk=iphoneos*]" = "iPhone Developer";
				COPY_PHASE_STRIP = NO;
				DEBUG_INFORMATION_FORMAT = dwarf;
				ENABLE_STRICT_OBJC_MSGSEND = YES;
				ENABLE_TESTABILITY = YES;
				GCC_C_LANGUAGE_STANDARD = gnu99;
				GCC_DYNAMIC_NO_PIC = NO;
				GCC_NO_COMMON_BLOCKS = YES;
				GCC_OPTIMIZATION_LEVEL = 0;
				GCC_PREPROCESSOR_DEFINITIONS = (
					"DEBUG=1",
					"$(inherited)",
				);
				GCC_WARN_64_TO_32_BIT_CONVERSION = YES;
				GCC_WARN_ABOUT_RETURN_TYPE = YES_ERROR;
				GCC_WARN_UNDECLARED_SELECTOR = YES;
				GCC_WARN_UNINITIALIZED_AUTOS = YES_AGGRESSIVE;
				GCC_WARN_UNUSED_FUNCTION = YES;
				GCC_WARN_UNUSED_VARIABLE = YES;
				IPHONEOS_DEPLOYMENT_TARGET = 8.0;
				MTL_ENABLE_DEBUG_INFO = YES;
				ONLY_ACTIVE_ARCH = YES;
				SDKROOT = iphoneos;
			};
			name = Debug;
		};
		5361ED331C4D38DB0048F4AC /* Release */ = {
			isa = XCBuildConfiguration;
			buildSettings = {
				ALWAYS_SEARCH_USER_PATHS = NO;
				CLANG_CXX_LANGUAGE_STANDARD = "gnu++0x";
				CLANG_CXX_LIBRARY = "libc++";
				CLANG_ENABLE_MODULES = YES;
				CLANG_ENABLE_OBJC_ARC = YES;
				CLANG_WARN_BOOL_CONVERSION = YES;
				CLANG_WARN_CONSTANT_CONVERSION = YES;
				CLANG_WARN_DIRECT_OBJC_ISA_USAGE = YES_ERROR;
				CLANG_WARN_EMPTY_BODY = YES;
				CLANG_WARN_ENUM_CONVERSION = YES;
				CLANG_WARN_INT_CONVERSION = YES;
				CLANG_WARN_OBJC_ROOT_CLASS = YES_ERROR;
				CLANG_WARN_UNREACHABLE_CODE = YES;
				CLANG_WARN__DUPLICATE_METHOD_MATCH = YES;
				"CODE_SIGN_IDENTITY[sdk=iphoneos*]" = "iPhone Developer";
				COPY_PHASE_STRIP = NO;
				DEBUG_INFORMATION_FORMAT = "dwarf-with-dsym";
				ENABLE_NS_ASSERTIONS = NO;
				ENABLE_STRICT_OBJC_MSGSEND = YES;
				GCC_C_LANGUAGE_STANDARD = gnu99;
				GCC_NO_COMMON_BLOCKS = YES;
				GCC_WARN_64_TO_32_BIT_CONVERSION = YES;
				GCC_WARN_ABOUT_RETURN_TYPE = YES_ERROR;
				GCC_WARN_UNDECLARED_SELECTOR = YES;
				GCC_WARN_UNINITIALIZED_AUTOS = YES_AGGRESSIVE;
				GCC_WARN_UNUSED_FUNCTION = YES;
				GCC_WARN_UNUSED_VARIABLE = YES;
				IPHONEOS_DEPLOYMENT_TARGET = 8.0;
				MTL_ENABLE_DEBUG_INFO = NO;
				SDKROOT = iphoneos;
				VALIDATE_PRODUCT = YES;
			};
			name = Release;
		};
		5361ED351C4D38DB0048F4AC /* Debug */ = {
			isa = XCBuildConfiguration;
			baseConfigurationReference = CBDD71DBC0C423DCD9396244 /* Pods-Examples.debug.xcconfig */;
			buildSettings = {
				ASSETCATALOG_COMPILER_APPICON_NAME = AppIcon;
				CODE_SIGN_IDENTITY = "iPhone Developer";
				"CODE_SIGN_IDENTITY[sdk=iphoneos*]" = "iPhone Developer";
				DEVELOPMENT_TEAM = "";
				INFOPLIST_FILE = Examples/Info.plist;
				IPHONEOS_DEPLOYMENT_TARGET = 8.0;
				LD_RUNPATH_SEARCH_PATHS = "$(inherited) @executable_path/Frameworks";
				PRODUCT_BUNDLE_IDENTIFIER = tech.qiji.Examples;
				PRODUCT_NAME = "$(TARGET_NAME)";
				PROVISIONING_PROFILE = "";
			};
			name = Debug;
		};
		5361ED361C4D38DB0048F4AC /* Release */ = {
			isa = XCBuildConfiguration;
			baseConfigurationReference = 8A3429AD3E96A3B3E69FEEFD /* Pods-Examples.release.xcconfig */;
			buildSettings = {
				ASSETCATALOG_COMPILER_APPICON_NAME = AppIcon;
				CODE_SIGN_IDENTITY = "iPhone Developer";
				"CODE_SIGN_IDENTITY[sdk=iphoneos*]" = "iPhone Developer";
				DEVELOPMENT_TEAM = "";
				INFOPLIST_FILE = Examples/Info.plist;
				IPHONEOS_DEPLOYMENT_TARGET = 8.0;
				LD_RUNPATH_SEARCH_PATHS = "$(inherited) @executable_path/Frameworks";
				PRODUCT_BUNDLE_IDENTIFIER = tech.qiji.Examples;
				PRODUCT_NAME = "$(TARGET_NAME)";
				PROVISIONING_PROFILE = "";
			};
			name = Release;
		};
/* End XCBuildConfiguration section */

/* Begin XCConfigurationList section */
		5361ED181C4D38DB0048F4AC /* Build configuration list for PBXProject "Examples" */ = {
			isa = XCConfigurationList;
			buildConfigurations = (
				5361ED321C4D38DB0048F4AC /* Debug */,
				5361ED331C4D38DB0048F4AC /* Release */,
			);
			defaultConfigurationIsVisible = 0;
			defaultConfigurationName = Release;
		};
		5361ED341C4D38DB0048F4AC /* Build configuration list for PBXNativeTarget "Examples" */ = {
			isa = XCConfigurationList;
			buildConfigurations = (
				5361ED351C4D38DB0048F4AC /* Debug */,
				5361ED361C4D38DB0048F4AC /* Release */,
			);
			defaultConfigurationIsVisible = 0;
			defaultConfigurationName = Release;
		};
/* End XCConfigurationList section */
	};
	rootObject = 5361ED151C4D38DB0048F4AC /* Project object */;
}
