// !$*UTF8*$!
{
	archiveVersion = 1;
	classes = {
	};
	objectVersion = 46;
	objects = {

/* Begin PBXBuildFile section */
		531838311C51FFD000A38298 /* StarterKit.podspec in Resources */ = {isa = PBXBuildFile; fileRef = 531838301C51FFD000A38298 /* StarterKit.podspec */; };
		531838341C52335400A38298 /* Feed.xcdatamodel in Sources */ = {isa = PBXBuildFile; fileRef = 531838331C52335400A38298 /* Feed.xcdatamodel */; };
		531838371C5233E700A38298 /* LICENSE in Resources */ = {isa = PBXBuildFile; fileRef = 531838351C5233E700A38298 /* LICENSE */; };
		531838381C5233E700A38298 /* README.md in Sources */ = {isa = PBXBuildFile; fileRef = 531838361C5233E700A38298 /* README.md */; };
		535CD01E1C5DD433009FBE56 /* SKHTTPSessionManager+Auth.m in Sources */ = {isa = PBXBuildFile; fileRef = 535CD01D1C5DD433009FBE56 /* SKHTTPSessionManager+Auth.m */; };
		5361ED221C4D38DB0048F4AC /* main.m in Sources */ = {isa = PBXBuildFile; fileRef = 5361ED211C4D38DB0048F4AC /* main.m */; };
		5361ED2D1C4D38DB0048F4AC /* Assets.xcassets in Resources */ = {isa = PBXBuildFile; fileRef = 5361ED2C1C4D38DB0048F4AC /* Assets.xcassets */; };
		5363E4191C5249B3002F946C /* SKManagedHTTPSessionManager+Network.m in Sources */ = {isa = PBXBuildFile; fileRef = 5363E4181C5249B3002F946C /* SKManagedHTTPSessionManager+Network.m */; };
		53DC5E491C528D3E009A3CCD /* LaunchScreen.storyboard in Resources */ = {isa = PBXBuildFile; fileRef = 53DC5E471C528D3E009A3CCD /* LaunchScreen.storyboard */; };
		8067003FD0886C0EB5C7B3B4 /* KeyFeedViewController.m in Sources */ = {isa = PBXBuildFile; fileRef = 80670BE07A9A96DDD5E606B3 /* KeyFeedViewController.m */; };
		806701B66B5952E673C98EB2 /* AppDelegate.m in Sources */ = {isa = PBXBuildFile; fileRef = 80670EAC56A3AC0AC2618440 /* AppDelegate.m */; };
		8067036617A5B87A664A55A4 /* PageFeedViewController.m in Sources */ = {isa = PBXBuildFile; fileRef = 80670876A86DD784AB939172 /* PageFeedViewController.m */; };
		806703E9ACC6B57B4E73FAFC /* Feed.m in Sources */ = {isa = PBXBuildFile; fileRef = 80670E873A00CD2A29C33FD3 /* Feed.m */; };
		8067084873D07CA944488073 /* SKFeedContentView.m in Sources */ = {isa = PBXBuildFile; fileRef = 8067098FAD997AA81BFE700D /* SKFeedContentView.m */; };
		80670937B0A866667C9D90BA /* BaseModel.m in Sources */ = {isa = PBXBuildFile; fileRef = 80670139B1FE7F382A36FFB0 /* BaseModel.m */; };
		80670944C5B1B0C135A23490 /* SKFeedPictureTableViewCell.m in Sources */ = {isa = PBXBuildFile; fileRef = 806703483087F6C8664BA2C0 /* SKFeedPictureTableViewCell.m */; };
		8067094936B539FB124268C6 /* SKFeedTableViewCell.m in Sources */ = {isa = PBXBuildFile; fileRef = 80670676E6154E1CD042CB54 /* SKFeedTableViewCell.m */; };
		8067095040B5B6759572AF7E /* Image.m in Sources */ = {isa = PBXBuildFile; fileRef = 80670B123D183CE7A0F29B77 /* Image.m */; };
		80670B2572297D47B613B712 /* AuthController.m in Sources */ = {isa = PBXBuildFile; fileRef = 806709D2A0B7002551380F96 /* AuthController.m */; };
		80670C463D5E71092139187B /* BaseTableViewCell.m in Sources */ = {isa = PBXBuildFile; fileRef = 8067022EE76DD957C0E3C4C2 /* BaseTableViewCell.m */; };
		80670CCB829A2DA289202D70 /* User.m in Sources */ = {isa = PBXBuildFile; fileRef = 806701E05F4FF849F88E2B91 /* User.m */; };
		80670CCCCA2C2D485351EAB8 /* SKUserSimpleView.m in Sources */ = {isa = PBXBuildFile; fileRef = 80670728E5CEBAE3F31FE0B0 /* SKUserSimpleView.m */; };
		80670F6D1EB110321EA184E8 /* SKPictureView.m in Sources */ = {isa = PBXBuildFile; fileRef = 80670D4EAFD2A7A4CE530157 /* SKPictureView.m */; };
		80670FD5D4C3ADDAC38E6FE9 /* MasonryViewController.m in Sources */ = {isa = PBXBuildFile; fileRef = 806708750105D94D0F09080B /* MasonryViewController.m */; };
		80670FFAF9294D4BD45F4A5A /* TestViewController.m in Sources */ = {isa = PBXBuildFile; fileRef = 806701E91C4BC7ED9FDBB707 /* TestViewController.m */; };
		E29066E7936A453BB96B67F5 /* Pods_Examples.framework in Frameworks */ = {isa = PBXBuildFile; fileRef = 99C4E5AEFC4EA7887301CA6E /* Pods_Examples.framework */; };
/* End PBXBuildFile section */

/* Begin PBXFileReference section */
		531838301C51FFD000A38298 /* StarterKit.podspec */ = {isa = PBXFileReference; fileEncoding = 4; lastKnownFileType = text; name = StarterKit.podspec; path = ../StarterKit.podspec; sourceTree = "<group>"; };
		531838321C52324400A38298 /* Profile.h */ = {isa = PBXFileReference; lastKnownFileType = sourcecode.c.h; path = Profile.h; sourceTree = "<group>"; };
		531838331C52335400A38298 /* Feed.xcdatamodel */ = {isa = PBXFileReference; lastKnownFileType = wrapper.xcdatamodel; path = Feed.xcdatamodel; sourceTree = "<group>"; };
		531838351C5233E700A38298 /* LICENSE */ = {isa = PBXFileReference; fileEncoding = 4; lastKnownFileType = text; name = LICENSE; path = ../LICENSE; sourceTree = "<group>"; };
		531838361C5233E700A38298 /* README.md */ = {isa = PBXFileReference; fileEncoding = 4; lastKnownFileType = net.daringfireball.markdown; name = README.md; path = ../README.md; sourceTree = "<group>"; };
		535CD01C1C5DD433009FBE56 /* SKHTTPSessionManager+Auth.h */ = {isa = PBXFileReference; fileEncoding = 4; lastKnownFileType = sourcecode.c.h; path = "SKHTTPSessionManager+Auth.h"; sourceTree = "<group>"; };
		535CD01D1C5DD433009FBE56 /* SKHTTPSessionManager+Auth.m */ = {isa = PBXFileReference; fileEncoding = 4; lastKnownFileType = sourcecode.c.objc; path = "SKHTTPSessionManager+Auth.m"; sourceTree = "<group>"; };
		5361ED1D1C4D38DB0048F4AC /* Examples.app */ = {isa = PBXFileReference; explicitFileType = wrapper.application; includeInIndex = 0; path = Examples.app; sourceTree = BUILT_PRODUCTS_DIR; };
		5361ED211C4D38DB0048F4AC /* main.m */ = {isa = PBXFileReference; lastKnownFileType = sourcecode.c.objc; path = main.m; sourceTree = "<group>"; };
		5361ED2C1C4D38DB0048F4AC /* Assets.xcassets */ = {isa = PBXFileReference; lastKnownFileType = folder.assetcatalog; path = Assets.xcassets; sourceTree = "<group>"; };
		5361ED311C4D38DB0048F4AC /* Info.plist */ = {isa = PBXFileReference; lastKnownFileType = text.plist.xml; path = Info.plist; sourceTree = "<group>"; };
		5363E4171C5249B3002F946C /* SKManagedHTTPSessionManager+Network.h */ = {isa = PBXFileReference; fileEncoding = 4; lastKnownFileType = sourcecode.c.h; path = "SKManagedHTTPSessionManager+Network.h"; sourceTree = "<group>"; };
		5363E4181C5249B3002F946C /* SKManagedHTTPSessionManager+Network.m */ = {isa = PBXFileReference; fileEncoding = 4; lastKnownFileType = sourcecode.c.objc; path = "SKManagedHTTPSessionManager+Network.m"; sourceTree = "<group>"; };
		53DC5E481C528D3E009A3CCD /* Base */ = {isa = PBXFileReference; lastKnownFileType = file.storyboard; name = Base; path = Base.lproj/LaunchScreen.storyboard; sourceTree = "<group>"; };
		806700CE38456EF92CB6CC16 /* User.h */ = {isa = PBXFileReference; fileEncoding = 4; lastKnownFileType = sourcecode.c.h; path = User.h; sourceTree = "<group>"; };
		80670139B1FE7F382A36FFB0 /* BaseModel.m */ = {isa = PBXFileReference; fileEncoding = 4; lastKnownFileType = sourcecode.c.objc; path = BaseModel.m; sourceTree = "<group>"; };
		806701E05F4FF849F88E2B91 /* User.m */ = {isa = PBXFileReference; fileEncoding = 4; lastKnownFileType = sourcecode.c.objc; path = User.m; sourceTree = "<group>"; };
		806701E91C4BC7ED9FDBB707 /* TestViewController.m */ = {isa = PBXFileReference; fileEncoding = 4; lastKnownFileType = sourcecode.c.objc; path = TestViewController.m; sourceTree = "<group>"; };
		8067022EE76DD957C0E3C4C2 /* BaseTableViewCell.m */ = {isa = PBXFileReference; fileEncoding = 4; lastKnownFileType = sourcecode.c.objc; path = BaseTableViewCell.m; sourceTree = "<group>"; };
		806703483087F6C8664BA2C0 /* SKFeedPictureTableViewCell.m */ = {isa = PBXFileReference; fileEncoding = 4; lastKnownFileType = sourcecode.c.objc; path = SKFeedPictureTableViewCell.m; sourceTree = "<group>"; };
		806703E20CC2FDF0C2828389 /* Image.h */ = {isa = PBXFileReference; fileEncoding = 4; lastKnownFileType = sourcecode.c.h; path = Image.h; sourceTree = "<group>"; };
		806704D2E7242366FCAEE3C2 /* BaseTableViewCell.h */ = {isa = PBXFileReference; fileEncoding = 4; lastKnownFileType = sourcecode.c.h; path = BaseTableViewCell.h; sourceTree = "<group>"; };
		806704DFE17FFCA49DC283A5 /* TestViewController.h */ = {isa = PBXFileReference; fileEncoding = 4; lastKnownFileType = sourcecode.c.h; path = TestViewController.h; sourceTree = "<group>"; };
		80670501411CD9FB8777B2C3 /* MasonryViewController.h */ = {isa = PBXFileReference; fileEncoding = 4; lastKnownFileType = sourcecode.c.h; path = MasonryViewController.h; sourceTree = "<group>"; };
		8067061B74E4DCF9F79204E6 /* SKFeedTableViewCell.h */ = {isa = PBXFileReference; fileEncoding = 4; lastKnownFileType = sourcecode.c.h; path = SKFeedTableViewCell.h; sourceTree = "<group>"; };
		80670676E6154E1CD042CB54 /* SKFeedTableViewCell.m */ = {isa = PBXFileReference; fileEncoding = 4; lastKnownFileType = sourcecode.c.objc; path = SKFeedTableViewCell.m; sourceTree = "<group>"; };
		806706779E7D8E7A87C9B804 /* SKUserSimpleView.h */ = {isa = PBXFileReference; fileEncoding = 4; lastKnownFileType = sourcecode.c.h; path = SKUserSimpleView.h; sourceTree = "<group>"; };
		806706BB1D9A43F5AA487F24 /* KeyFeedViewController.h */ = {isa = PBXFileReference; fileEncoding = 4; lastKnownFileType = sourcecode.c.h; path = KeyFeedViewController.h; sourceTree = "<group>"; };
		80670728E5CEBAE3F31FE0B0 /* SKUserSimpleView.m */ = {isa = PBXFileReference; fileEncoding = 4; lastKnownFileType = sourcecode.c.objc; path = SKUserSimpleView.m; sourceTree = "<group>"; };
		8067079775885E0207E988CC /* SKFeedPictureTableViewCell.h */ = {isa = PBXFileReference; fileEncoding = 4; lastKnownFileType = sourcecode.c.h; path = SKFeedPictureTableViewCell.h; sourceTree = "<group>"; };
		806708750105D94D0F09080B /* MasonryViewController.m */ = {isa = PBXFileReference; fileEncoding = 4; lastKnownFileType = sourcecode.c.objc; path = MasonryViewController.m; sourceTree = "<group>"; };
		80670876A86DD784AB939172 /* PageFeedViewController.m */ = {isa = PBXFileReference; fileEncoding = 4; lastKnownFileType = sourcecode.c.objc; path = PageFeedViewController.m; sourceTree = "<group>"; };
		8067098FAD997AA81BFE700D /* SKFeedContentView.m */ = {isa = PBXFileReference; fileEncoding = 4; lastKnownFileType = sourcecode.c.objc; path = SKFeedContentView.m; sourceTree = "<group>"; };
		806709C77690F46E2E3DE6EB /* Feed.h */ = {isa = PBXFileReference; fileEncoding = 4; lastKnownFileType = sourcecode.c.h; path = Feed.h; sourceTree = "<group>"; };
		806709D2A0B7002551380F96 /* AuthController.m */ = {isa = PBXFileReference; fileEncoding = 4; lastKnownFileType = sourcecode.c.objc; path = AuthController.m; sourceTree = "<group>"; };
		80670ADC5F20F3D33878B41B /* BaseModel.h */ = {isa = PBXFileReference; fileEncoding = 4; lastKnownFileType = sourcecode.c.h; path = BaseModel.h; sourceTree = "<group>"; };
		80670B123D183CE7A0F29B77 /* Image.m */ = {isa = PBXFileReference; fileEncoding = 4; lastKnownFileType = sourcecode.c.objc; path = Image.m; sourceTree = "<group>"; };
		80670BE07A9A96DDD5E606B3 /* KeyFeedViewController.m */ = {isa = PBXFileReference; fileEncoding = 4; lastKnownFileType = sourcecode.c.objc; path = KeyFeedViewController.m; sourceTree = "<group>"; };
		80670C003387E7347F822701 /* SKFeedContentView.h */ = {isa = PBXFileReference; fileEncoding = 4; lastKnownFileType = sourcecode.c.h; path = SKFeedContentView.h; sourceTree = "<group>"; };
		80670C252006DCC5078C5C8D /* AppDelegate.h */ = {isa = PBXFileReference; fileEncoding = 4; lastKnownFileType = sourcecode.c.h; path = AppDelegate.h; sourceTree = "<group>"; };
		80670D05437C06894E7A544B /* SKPictureView.h */ = {isa = PBXFileReference; fileEncoding = 4; lastKnownFileType = sourcecode.c.h; path = SKPictureView.h; sourceTree = "<group>"; };
		80670D4EAFD2A7A4CE530157 /* SKPictureView.m */ = {isa = PBXFileReference; fileEncoding = 4; lastKnownFileType = sourcecode.c.objc; path = SKPictureView.m; sourceTree = "<group>"; };
		80670DA20DA61A28215A9B0C /* AuthController.h */ = {isa = PBXFileReference; fileEncoding = 4; lastKnownFileType = sourcecode.c.h; path = AuthController.h; sourceTree = "<group>"; };
		80670E873A00CD2A29C33FD3 /* Feed.m */ = {isa = PBXFileReference; fileEncoding = 4; lastKnownFileType = sourcecode.c.objc; path = Feed.m; sourceTree = "<group>"; };
		80670E9DDB0C0F049047B62B /* PageFeedViewController.h */ = {isa = PBXFileReference; fileEncoding = 4; lastKnownFileType = sourcecode.c.h; path = PageFeedViewController.h; sourceTree = "<group>"; };
		80670EAC56A3AC0AC2618440 /* AppDelegate.m */ = {isa = PBXFileReference; fileEncoding = 4; lastKnownFileType = sourcecode.c.objc; path = AppDelegate.m; sourceTree = "<group>"; };
		8A3429AD3E96A3B3E69FEEFD /* Pods-Examples.release.xcconfig */ = {isa = PBXFileReference; includeInIndex = 1; lastKnownFileType = text.xcconfig; name = "Pods-Examples.release.xcconfig"; path = "../Pods/Target Support Files/Pods-Examples/Pods-Examples.release.xcconfig"; sourceTree = "<group>"; };
		99C4E5AEFC4EA7887301CA6E /* Pods_Examples.framework */ = {isa = PBXFileReference; explicitFileType = wrapper.framework; includeInIndex = 0; path = Pods_Examples.framework; sourceTree = BUILT_PRODUCTS_DIR; };
		CBDD71DBC0C423DCD9396244 /* Pods-Examples.debug.xcconfig */ = {isa = PBXFileReference; includeInIndex = 1; lastKnownFileType = text.xcconfig; name = "Pods-Examples.debug.xcconfig"; path = "../Pods/Target Support Files/Pods-Examples/Pods-Examples.debug.xcconfig"; sourceTree = "<group>"; };
/* End PBXFileReference section */

/* Begin PBXFrameworksBuildPhase section */
		5361ED1A1C4D38DB0048F4AC /* Frameworks */ = {
			isa = PBXFrameworksBuildPhase;
			buildActionMask = 2147483647;
			files = (
				E29066E7936A453BB96B67F5 /* Pods_Examples.framework in Frameworks */,
			);
			runOnlyForDeploymentPostprocessing = 0;
		};
/* End PBXFrameworksBuildPhase section */

/* Begin PBXGroup section */
		5318382F1C51FFC500A38298 /* Podspec Metadata */ = {
			isa = PBXGroup;
			children = (
				531838351C5233E700A38298 /* LICENSE */,
				531838361C5233E700A38298 /* README.md */,
				531838301C51FFD000A38298 /* StarterKit.podspec */,
			);
			name = "Podspec Metadata";
			sourceTree = "<group>";
		};
		5361ED141C4D38DB0048F4AC = {
			isa = PBXGroup;
			children = (
				5318382F1C51FFC500A38298 /* Podspec Metadata */,
				5361ED1F1C4D38DB0048F4AC /* Example for StarterKit */,
				5361ED1E1C4D38DB0048F4AC /* Products */,
				A40650ED53AE74E2AF817093 /* Pods */,
				F3C6F341A32E0A841A2F63ED /* Frameworks */,
			);
			sourceTree = "<group>";
		};
		5361ED1E1C4D38DB0048F4AC /* Products */ = {
			isa = PBXGroup;
			children = (
				5361ED1D1C4D38DB0048F4AC /* Examples.app */,
			);
			name = Products;
			sourceTree = "<group>";
		};
		5361ED1F1C4D38DB0048F4AC /* Example for StarterKit */ = {
			isa = PBXGroup;
			children = (
				5361ED2C1C4D38DB0048F4AC /* Assets.xcassets */,
				5361ED311C4D38DB0048F4AC /* Info.plist */,
				5361ED201C4D38DB0048F4AC /* Supporting Files */,
				80670A59626EBDE4D7DC7014 /* Classes */,
			);
			name = "Example for StarterKit";
			path = Examples;
			sourceTree = "<group>";
		};
		5361ED201C4D38DB0048F4AC /* Supporting Files */ = {
			isa = PBXGroup;
			children = (
				53DC5E471C528D3E009A3CCD /* LaunchScreen.storyboard */,
				5361ED211C4D38DB0048F4AC /* main.m */,
			);
			name = "Supporting Files";
			sourceTree = "<group>";
		};
		8067003A221BB369917ED458 /* Network */ = {
			isa = PBXGroup;
			children = (
				5363E4171C5249B3002F946C /* SKManagedHTTPSessionManager+Network.h */,
				5363E4181C5249B3002F946C /* SKManagedHTTPSessionManager+Network.m */,
				535CD01C1C5DD433009FBE56 /* SKHTTPSessionManager+Auth.h */,
				535CD01D1C5DD433009FBE56 /* SKHTTPSessionManager+Auth.m */,
			);
			path = Network;
			sourceTree = "<group>";
		};
		806703DC15407B38856E2553 /* Cells */ = {
			isa = PBXGroup;
			children = (
				8067022EE76DD957C0E3C4C2 /* BaseTableViewCell.m */,
				806704D2E7242366FCAEE3C2 /* BaseTableViewCell.h */,
				80670676E6154E1CD042CB54 /* SKFeedTableViewCell.m */,
				8067061B74E4DCF9F79204E6 /* SKFeedTableViewCell.h */,
				806703483087F6C8664BA2C0 /* SKFeedPictureTableViewCell.m */,
				8067079775885E0207E988CC /* SKFeedPictureTableViewCell.h */,
			);
			path = Cells;
			sourceTree = "<group>";
		};
		806704233B176224AF562461 /* Views */ = {
			isa = PBXGroup;
			children = (
				80670EDA7D07D6ACCEAA197C /* Feed */,
			);
			path = Views;
			sourceTree = "<group>";
		};
		806705CBC3DFE2116228881C /* AppDelegate */ = {
			isa = PBXGroup;
			children = (
				80670EAC56A3AC0AC2618440 /* AppDelegate.m */,
				80670C252006DCC5078C5C8D /* AppDelegate.h */,
			);
			path = AppDelegate;
			sourceTree = "<group>";
		};
		8067089D9B2FB4F11288104F /* UI */ = {
			isa = PBXGroup;
			children = (
				806703DC15407B38856E2553 /* Cells */,
				8067096C0B9AA2822B61B2F6 /* Controllers */,
				806704233B176224AF562461 /* Views */,
			);
			path = UI;
			sourceTree = "<group>";
		};
		8067096C0B9AA2822B61B2F6 /* Controllers */ = {
			isa = PBXGroup;
			children = (
				80670BE07A9A96DDD5E606B3 /* KeyFeedViewController.m */,
				806706BB1D9A43F5AA487F24 /* KeyFeedViewController.h */,
				80670876A86DD784AB939172 /* PageFeedViewController.m */,
				80670E9DDB0C0F049047B62B /* PageFeedViewController.h */,
				806708750105D94D0F09080B /* MasonryViewController.m */,
				80670501411CD9FB8777B2C3 /* MasonryViewController.h */,
				806701E91C4BC7ED9FDBB707 /* TestViewController.m */,
				806704DFE17FFCA49DC283A5 /* TestViewController.h */,
				806709D2A0B7002551380F96 /* AuthController.m */,
				80670DA20DA61A28215A9B0C /* AuthController.h */,
			);
			path = Controllers;
			sourceTree = "<group>";
		};
		80670A59626EBDE4D7DC7014 /* Classes */ = {
			isa = PBXGroup;
			children = (
				80670EDD8717CF8305AADDFE /* Model */,
				8067089D9B2FB4F11288104F /* UI */,
				8067003A221BB369917ED458 /* Network */,
				806705CBC3DFE2116228881C /* AppDelegate */,
				531838321C52324400A38298 /* Profile.h */,
			);
			path = Classes;
			sourceTree = "<group>";
		};
		80670EDA7D07D6ACCEAA197C /* Feed */ = {
			isa = PBXGroup;
			children = (
				80670728E5CEBAE3F31FE0B0 /* SKUserSimpleView.m */,
				806706779E7D8E7A87C9B804 /* SKUserSimpleView.h */,
				8067098FAD997AA81BFE700D /* SKFeedContentView.m */,
				80670C003387E7347F822701 /* SKFeedContentView.h */,
				80670D4EAFD2A7A4CE530157 /* SKPictureView.m */,
				80670D05437C06894E7A544B /* SKPictureView.h */,
			);
			path = Feed;
			sourceTree = "<group>";
		};
		80670EDD8717CF8305AADDFE /* Model */ = {
			isa = PBXGroup;
			children = (
				531838331C52335400A38298 /* Feed.xcdatamodel */,
				806701E05F4FF849F88E2B91 /* User.m */,
				806700CE38456EF92CB6CC16 /* User.h */,
				80670139B1FE7F382A36FFB0 /* BaseModel.m */,
				80670ADC5F20F3D33878B41B /* BaseModel.h */,
				80670E873A00CD2A29C33FD3 /* Feed.m */,
				806709C77690F46E2E3DE6EB /* Feed.h */,
				80670B123D183CE7A0F29B77 /* Image.m */,
				806703E20CC2FDF0C2828389 /* Image.h */,
			);
			path = Model;
			sourceTree = "<group>";
		};
		A40650ED53AE74E2AF817093 /* Pods */ = {
			isa = PBXGroup;
			children = (
				CBDD71DBC0C423DCD9396244 /* Pods-Examples.debug.xcconfig */,
				8A3429AD3E96A3B3E69FEEFD /* Pods-Examples.release.xcconfig */,
			);
			name = Pods;
			sourceTree = "<group>";
		};
		F3C6F341A32E0A841A2F63ED /* Frameworks */ = {
			isa = PBXGroup;
			children = (
				99C4E5AEFC4EA7887301CA6E /* Pods_Examples.framework */,
			);
			name = Frameworks;
			sourceTree = "<group>";
		};
/* End PBXGroup section */

/* Begin PBXNativeTarget section */
		5361ED1C1C4D38DB0048F4AC /* Examples */ = {
			isa = PBXNativeTarget;
			buildConfigurationList = 5361ED341C4D38DB0048F4AC /* Build configuration list for PBXNativeTarget "Examples" */;
			buildPhases = (
				16EFA6D1EEE7BD18F5D5D9B7 /* Check Pods Manifest.lock */,
				5361ED191C4D38DB0048F4AC /* Sources */,
				5361ED1A1C4D38DB0048F4AC /* Frameworks */,
				5361ED1B1C4D38DB0048F4AC /* Resources */,
				05B724206765E31D6EC3E0F4 /* Embed Pods Frameworks */,
				09FD85A2CA91806C64EFE8CA /* Copy Pods Resources */,
			);
			buildRules = (
			);
			dependencies = (
			);
			name = Examples;
			productName = Examples;
			productReference = 5361ED1D1C4D38DB0048F4AC /* Examples.app */;
			productType = "com.apple.product-type.application";
		};
/* End PBXNativeTarget section */

/* Begin PBXProject section */
		5361ED151C4D38DB0048F4AC /* Project object */ = {
			isa = PBXProject;
			attributes = {
				LastUpgradeCheck = 0720;
				ORGANIZATIONNAME = "奇迹空间";
				TargetAttributes = {
					5361ED1C1C4D38DB0048F4AC = {
						CreatedOnToolsVersion = 7.2;
						DevelopmentTeam = G345HV68GW;
					};
				};
			};
			buildConfigurationList = 5361ED181C4D38DB0048F4AC /* Build configuration list for PBXProject "Examples" */;
			compatibilityVersion = "Xcode 3.2";
			developmentRegion = English;
			hasScannedForEncodings = 0;
			knownRegions = (
				en,
				Base,
			);
			mainGroup = 5361ED141C4D38DB0048F4AC;
			productRefGroup = 5361ED1E1C4D38DB0048F4AC /* Products */;
			projectDirPath = "";
			projectRoot = "";
			targets = (
				5361ED1C1C4D38DB0048F4AC /* Examples */,
			);
		};
/* End PBXProject section */

/* Begin PBXResourcesBuildPhase section */
		5361ED1B1C4D38DB0048F4AC /* Resources */ = {
			isa = PBXResourcesBuildPhase;
			buildActionMask = 2147483647;
			files = (
				531838371C5233E700A38298 /* LICENSE in Resources */,
				5361ED2D1C4D38DB0048F4AC /* Assets.xcassets in Resources */,
				53DC5E491C528D3E009A3CCD /* LaunchScreen.storyboard in Resources */,
				531838311C51FFD000A38298 /* StarterKit.podspec in Resources */,
			);
			runOnlyForDeploymentPostprocessing = 0;
		};
/* End PBXResourcesBuildPhase section */

/* Begin PBXShellScriptBuildPhase section */
		05B724206765E31D6EC3E0F4 /* Embed Pods Frameworks */ = {
			isa = PBXShellScriptBuildPhase;
			buildActionMask = 2147483647;
			files = (
			);
			inputPaths = (
			);
			name = "Embed Pods Frameworks";
			outputPaths = (
			);
			runOnlyForDeploymentPostprocessing = 0;
			shellPath = /bin/sh;
			shellScript = "\"${SRCROOT}/../Pods/Target Support Files/Pods-Examples/Pods-Examples-frameworks.sh\"\n";
			showEnvVarsInLog = 0;
		};
		09FD85A2CA91806C64EFE8CA /* Copy Pods Resources */ = {
			isa = PBXShellScriptBuildPhase;
			buildActionMask = 2147483647;
			files = (
			);
			inputPaths = (
			);
			name = "Copy Pods Resources";
			outputPaths = (
			);
			runOnlyForDeploymentPostprocessing = 0;
			shellPath = /bin/sh;
			shellScript = "\"${SRCROOT}/../Pods/Target Support Files/Pods-Examples/Pods-Examples-resources.sh\"\n";
			showEnvVarsInLog = 0;
		};
		16EFA6D1EEE7BD18F5D5D9B7 /* Check Pods Manifest.lock */ = {
			isa = PBXShellScriptBuildPhase;
			buildActionMask = 2147483647;
			files = (
			);
			inputPaths = (
			);
			name = "Check Pods Manifest.lock";
			outputPaths = (
			);
			runOnlyForDeploymentPostprocessing = 0;
			shellPath = /bin/sh;
			shellScript = "diff \"${PODS_ROOT}/../Podfile.lock\" \"${PODS_ROOT}/Manifest.lock\" > /dev/null\nif [[ $? != 0 ]] ; then\n    cat << EOM\nerror: The sandbox is not in sync with the Podfile.lock. Run 'pod install' or update your CocoaPods installation.\nEOM\n    exit 1\nfi\n";
			showEnvVarsInLog = 0;
		};
/* End PBXShellScriptBuildPhase section */

/* Begin PBXSourcesBuildPhase section */
		5361ED191C4D38DB0048F4AC /* Sources */ = {
			isa = PBXSourcesBuildPhase;
			buildActionMask = 2147483647;
			files = (
				531838341C52335400A38298 /* Feed.xcdatamodel in Sources */,
				5361ED221C4D38DB0048F4AC /* main.m in Sources */,
				80670CCB829A2DA289202D70 /* User.m in Sources */,
				80670937B0A866667C9D90BA /* BaseModel.m in Sources */,
				806703E9ACC6B57B4E73FAFC /* Feed.m in Sources */,
				5363E4191C5249B3002F946C /* SKManagedHTTPSessionManager+Network.m in Sources */,
				8067095040B5B6759572AF7E /* Image.m in Sources */,
				531838381C5233E700A38298 /* README.md in Sources */,
				80670C463D5E71092139187B /* BaseTableViewCell.m in Sources */,
				8067003FD0886C0EB5C7B3B4 /* KeyFeedViewController.m in Sources */,
				806701B66B5952E673C98EB2 /* AppDelegate.m in Sources */,
				8067036617A5B87A664A55A4 /* PageFeedViewController.m in Sources */,
				80670FD5D4C3ADDAC38E6FE9 /* MasonryViewController.m in Sources */,
				80670CCCCA2C2D485351EAB8 /* SKUserSimpleView.m in Sources */,
				8067084873D07CA944488073 /* SKFeedContentView.m in Sources */,
				8067094936B539FB124268C6 /* SKFeedTableViewCell.m in Sources */,
				535CD01E1C5DD433009FBE56 /* SKHTTPSessionManager+Auth.m in Sources */,
				80670F6D1EB110321EA184E8 /* SKPictureView.m in Sources */,
				80670FFAF9294D4BD45F4A5A /* TestViewController.m in Sources */,
				80670944C5B1B0C135A23490 /* SKFeedPictureTableViewCell.m in Sources */,
				80670B2572297D47B613B712 /* AuthController.m in Sources */,
			);
			runOnlyForDeploymentPostprocessing = 0;
		};
/* End PBXSourcesBuildPhase section */

/* Begin PBXVariantGroup section */
		53DC5E471C528D3E009A3CCD /* LaunchScreen.storyboard */ = {
			isa = PBXVariantGroup;
			children = (
				53DC5E481C528D3E009A3CCD /* Base */,
			);
			name = LaunchScreen.storyboard;
			sourceTree = "<group>";
		};
/* End PBXVariantGroup section */

/* Begin XCBuildConfiguration section */
		5361ED321C4D38DB0048F4AC /* Debug */ = {
			isa = XCBuildConfiguration;
			buildSettings = {
				ALWAYS_SEARCH_USER_PATHS = NO;
				CLANG_CXX_LANGUAGE_STANDARD = "gnu++0x";
				CLANG_CXX_LIBRARY = "libc++";
				CLANG_ENABLE_MODULES = YES;
				CLANG_ENABLE_OBJC_ARC = YES;
				CLANG_WARN_BOOL_CONVERSION = YES;
				CLANG_WARN_CONSTANT_CONVERSION = YES;
				CLANG_WARN_DIRECT_OBJC_ISA_USAGE = YES_ERROR;
				CLANG_WARN_EMPTY_BODY = YES;
				CLANG_WARN_ENUM_CONVERSION = YES;
				CLANG_WARN_INT_CONVERSION = YES;
				CLANG_WARN_OBJC_ROOT_CLASS = YES_ERROR;
				CLANG_WARN_UNREACHABLE_CODE = YES;
				CLANG_WARN__DUPLICATE_METHOD_MATCH = YES;
				"CODE_SIGN_IDENTITY[sdk=iphoneos*]" = "iPhone Developer";
				COPY_PHASE_STRIP = NO;
				DEBUG_INFORMATION_FORMAT = dwarf;
				ENABLE_STRICT_OBJC_MSGSEND = YES;
				ENABLE_TESTABILITY = YES;
				GCC_C_LANGUAGE_STANDARD = gnu99;
				GCC_DYNAMIC_NO_PIC = NO;
				GCC_NO_COMMON_BLOCKS = YES;
				GCC_OPTIMIZATION_LEVEL = 0;
				GCC_PREPROCESSOR_DEFINITIONS = (
					"DEBUG=1",
					"$(inherited)",
				);
				GCC_WARN_64_TO_32_BIT_CONVERSION = YES;
				GCC_WARN_ABOUT_RETURN_TYPE = YES_ERROR;
				GCC_WARN_UNDECLARED_SELECTOR = YES;
				GCC_WARN_UNINITIALIZED_AUTOS = YES_AGGRESSIVE;
				GCC_WARN_UNUSED_FUNCTION = YES;
				GCC_WARN_UNUSED_VARIABLE = YES;
				IPHONEOS_DEPLOYMENT_TARGET = 9.2;
				MTL_ENABLE_DEBUG_INFO = YES;
				ONLY_ACTIVE_ARCH = YES;
				SDKROOT = iphoneos;
			};
			name = Debug;
		};
		5361ED331C4D38DB0048F4AC /* Release */ = {
			isa = XCBuildConfiguration;
			buildSettings = {
				ALWAYS_SEARCH_USER_PATHS = NO;
				CLANG_CXX_LANGUAGE_STANDARD = "gnu++0x";
				CLANG_CXX_LIBRARY = "libc++";
				CLANG_ENABLE_MODULES = YES;
				CLANG_ENABLE_OBJC_ARC = YES;
				CLANG_WARN_BOOL_CONVERSION = YES;
				CLANG_WARN_CONSTANT_CONVERSION = YES;
				CLANG_WARN_DIRECT_OBJC_ISA_USAGE = YES_ERROR;
				CLANG_WARN_EMPTY_BODY = YES;
				CLANG_WARN_ENUM_CONVERSION = YES;
				CLANG_WARN_INT_CONVERSION = YES;
				CLANG_WARN_OBJC_ROOT_CLASS = YES_ERROR;
				CLANG_WARN_UNREACHABLE_CODE = YES;
				CLANG_WARN__DUPLICATE_METHOD_MATCH = YES;
				"CODE_SIGN_IDENTITY[sdk=iphoneos*]" = "iPhone Developer";
				COPY_PHASE_STRIP = NO;
				DEBUG_INFORMATION_FORMAT = "dwarf-with-dsym";
				ENABLE_NS_ASSERTIONS = NO;
				ENABLE_STRICT_OBJC_MSGSEND = YES;
				GCC_C_LANGUAGE_STANDARD = gnu99;
				GCC_NO_COMMON_BLOCKS = YES;
				GCC_WARN_64_TO_32_BIT_CONVERSION = YES;
				GCC_WARN_ABOUT_RETURN_TYPE = YES_ERROR;
				GCC_WARN_UNDECLARED_SELECTOR = YES;
				GCC_WARN_UNINITIALIZED_AUTOS = YES_AGGRESSIVE;
				GCC_WARN_UNUSED_FUNCTION = YES;
				GCC_WARN_UNUSED_VARIABLE = YES;
				IPHONEOS_DEPLOYMENT_TARGET = 9.2;
				MTL_ENABLE_DEBUG_INFO = NO;
				SDKROOT = iphoneos;
				VALIDATE_PRODUCT = YES;
			};
			name = Release;
		};
		5361ED351C4D38DB0048F4AC /* Debug */ = {
			isa = XCBuildConfiguration;
			baseConfigurationReference = CBDD71DBC0C423DCD9396244 /* Pods-Examples.debug.xcconfig */;
			buildSettings = {
				ASSETCATALOG_COMPILER_APPICON_NAME = AppIcon;
				CODE_SIGN_IDENTITY = "iPhone Developer";
				"CODE_SIGN_IDENTITY[sdk=iphoneos*]" = "iPhone Developer";
				INFOPLIST_FILE = Examples/Info.plist;
				IPHONEOS_DEPLOYMENT_TARGET = 9.2;
				LD_RUNPATH_SEARCH_PATHS = "$(inherited) @executable_path/Frameworks";
				PRODUCT_BUNDLE_IDENTIFIER = tech.qiji.Examples;
				PRODUCT_NAME = "$(TARGET_NAME)";
				PROVISIONING_PROFILE = "";
			};
			name = Debug;
		};
		5361ED361C4D38DB0048F4AC /* Release */ = {
			isa = XCBuildConfiguration;
			baseConfigurationReference = 8A3429AD3E96A3B3E69FEEFD /* Pods-Examples.release.xcconfig */;
			buildSettings = {
				ASSETCATALOG_COMPILER_APPICON_NAME = AppIcon;
				CODE_SIGN_IDENTITY = "iPhone Developer";
				"CODE_SIGN_IDENTITY[sdk=iphoneos*]" = "iPhone Developer";
				INFOPLIST_FILE = Examples/Info.plist;
				IPHONEOS_DEPLOYMENT_TARGET = 9.2;
				LD_RUNPATH_SEARCH_PATHS = "$(inherited) @executable_path/Frameworks";
				PRODUCT_BUNDLE_IDENTIFIER = tech.qiji.Examples;
				PRODUCT_NAME = "$(TARGET_NAME)";
				PROVISIONING_PROFILE = "";
			};
			name = Release;
		};
/* End XCBuildConfiguration section */

/* Begin XCConfigurationList section */
		5361ED181C4D38DB0048F4AC /* Build configuration list for PBXProject "Examples" */ = {
			isa = XCConfigurationList;
			buildConfigurations = (
				5361ED321C4D38DB0048F4AC /* Debug */,
				5361ED331C4D38DB0048F4AC /* Release */,
			);
			defaultConfigurationIsVisible = 0;
			defaultConfigurationName = Release;
		};
		5361ED341C4D38DB0048F4AC /* Build configuration list for PBXNativeTarget "Examples" */ = {
			isa = XCConfigurationList;
			buildConfigurations = (
				5361ED351C4D38DB0048F4AC /* Debug */,
				5361ED361C4D38DB0048F4AC /* Release */,
			);
			defaultConfigurationIsVisible = 0;
			defaultConfigurationName = Release;
		};
/* End XCConfigurationList section */
	};
	rootObject = 5361ED151C4D38DB0048F4AC /* Project object */;
}
